PODS:
  - Bolts/Tasks (1.9.0)
  - DropDown (2.3.13)
  - Parse (1.17.3):
    - Parse/Core (= 1.17.3)
  - Parse/Core (1.17.3):
    - Bolts/Tasks (~> 1.9)
  - SCLAlertView (0.8)
  - SendGrid-Swift (0.1.2)
  - SimpleAnimation (0.4.2)
  - SkeletonView (1.8.2)
  - WLEmptyState (3.1.0)

DEPENDENCIES:
  - DropDown
  - Parse
  - SCLAlertView
  - SendGrid-Swift
  - SimpleAnimation
  - SkeletonView
  - WLEmptyState

SPEC REPOS:
  trunk:
    - Bolts
    - DropDown
    - Parse
    - SCLAlertView
    - SendGrid-Swift
    - SimpleAnimation
    - SkeletonView
    - WLEmptyState

SPEC CHECKSUMS:
  Bolts: ac6567323eac61e203f6a9763667d0f711be34c8
  DropDown: 8a2116376c1981888557f72ec2ffc9a5e0e456ec
  Parse: c1ad2a04d2cab2b54b6fb7da05f741abf2cf57d1
  SCLAlertView: 6a77bb2edfc65e04dbe57725546cb4107a506b85
  SendGrid-Swift: ac2a563f564d95e9c8e069db337279b442bed67e
  SimpleAnimation: 5430010b9548f392e7459290acce01c9ceba7171
  SkeletonView: bb27c39857e5492136f02ee8a3aa78de55d12ecd
  WLEmptyState: 2bbb3970f62c0b9252029d34a8f74cb3d436eeea

PODFILE CHECKSUM: eb9d753a58bc3334a3f2a2b14d1040f8ef9e2863

COCOAPODS: 1.8.3
